<?xml version="1.0" encoding="utf-8"?>
<Project ToolsVersion="4.0" xmlns="http://schemas.microsoft.com/developer/msbuild/2003">
  <ItemGroup>
    <Filter Include="Headers">
      <UniqueIdentifier>{93995380-89BD-4b04-88EB-625FBE52EBFB}</UniqueIdentifier>
      <Extensions>h;hh;hpp;hxx;hm;inl;inc;ipp;xsd</Extensions>
    </Filter>
    <Filter Include="Source">
      <UniqueIdentifier>{4FC737F1-C7A5-4376-A066-2A32D752A2FF}</UniqueIdentifier>
      <Extensions>cpp;c;cc;cxx;def;odl;idl;hpj;bat;asm;asmx</Extensions>
    </Filter>
  </ItemGroup>
  <ItemGroup>
    <ClInclude Include="Form1.h">
      <Filter>Headers</Filter>
    </ClInclude>
    <ClInclude Include="src\Injector.h">
      <Filter>Headers</Filter>
    </ClInclude>
    <ClInclude Include="src\IPHelper.h">
      <Filter>Headers</Filter>
    </ClInclude>
    <ClInclude Include="src\ProcessTools.h">
      <Filter>Headers</Filter>
    </ClInclude>
    <ClInclude Include="src\Scan.h">
      <Filter>Headers</Filter>
    </ClInclude>
    <ClInclude Include="src\Server.h">
      <Filter>Headers</Filter>
    </ClInclude>
    <ClInclude Include="src\Main.h">
      <Filter>Headers</Filter>
    </ClInclude>
    <ClInclude Include="src\PointerToFunction.h">
      <Filter>Headers</Filter>
    </ClInclude>
    <ClInclude Include="resource.h">
      <Filter>Headers</Filter>
    </ClInclude>
    <ClInclude Include="src\USPlanes.h">
      <Filter>Headers</Filter>
    </ClInclude>
    <ClInclude Include="TurnNeedle.h">
      <Filter>Headers</Filter>
    </ClInclude>
    <ClInclude Include="src\Manifold.h">
      <Filter>Headers</Filter>
    </ClInclude>
    <ClInclude Include="src\UKPlanes.h">
      <Filter>Headers</Filter>
    </ClInclude>
    <ClInclude Include="src\RUPlanes.h">
      <Filter>Headers</Filter>
    </ClInclude>
    <ClInclude Include="src\WaterTemp.h">
      <Filter>Headers</Filter>
    </ClInclude>
    <ClInclude Include="src\PlaneType.h">
      <Filter>Headers</Filter>
    </ClInclude>
    <ClInclude Include="src\DynamicBody.h">
      <Filter>Headers</Filter>
    </ClInclude>
    <ClInclude Include="src\TurnBall.h">
      <Filter>Headers</Filter>
    </ClInclude>
    <ClInclude Include="src\EngineMod.h">
      <Filter>Headers</Filter>
    </ClInclude>
    <ClInclude Include="src\Altimeter.h">
      <Filter>Headers</Filter>
    </ClInclude>
    <ClInclude Include="OilTemp.h">
      <Filter>Headers</Filter>
    </ClInclude>
  </ItemGroup>
  <ItemGroup>
    <ClCompile Include="AssemblyInfo.cpp">
      <Filter>Source</Filter>
    </ClCompile>
    <ClCompile Include="Form1.cpp">
      <Filter>Source</Filter>
    </ClCompile>
    <ClCompile Include="WinformsProject.cpp">
      <Filter>Source</Filter>
    </ClCompile>
    <ClCompile Include="src\Injector.cpp">
      <Filter>Source</Filter>
    </ClCompile>
    <ClCompile Include="src\IPHelper.cpp">
      <Filter>Source</Filter>
    </ClCompile>
    <ClCompile Include="src\ProcessTools.cpp">
      <Filter>Source</Filter>
    </ClCompile>
    <ClCompile Include="src\Scan.cpp">
      <Filter>Source</Filter>
    </ClCompile>
    <ClCompile Include="src\Server.cpp">
      <Filter>Source</Filter>
    </ClCompile>
    <ClCompile Include="src\Main.cpp">
      <Filter>Source</Filter>
    </ClCompile>
    <ClCompile Include="src\PointerToFunction.cpp">
      <Filter>Source</Filter>
    </ClCompile>
    <ClCompile Include="src\USPlanes.cpp">
      <Filter>Source</Filter>
    </ClCompile>
    <ClCompile Include="src\TurnNeedle.cpp">
      <Filter>Source</Filter>
    </ClCompile>
    <ClCompile Include="src\Manifold.cpp">
      <Filter>Source</Filter>
    </ClCompile>
    <ClCompile Include="src\UKPlanes.cpp">
      <Filter>Source</Filter>
    </ClCompile>
    <ClCompile Include="src\RUPlanes.cpp">
      <Filter>Source</Filter>
    </ClCompile>
    <ClCompile Include="src\WaterTemp.cpp">
      <Filter>Source</Filter>
    </ClCompile>
    <ClCompile Include="src\PlaneType.cpp">
      <Filter>Source</Filter>
    </ClCompile>
    <ClCompile Include="src\DynamicBody.cpp">
      <Filter>Source</Filter>
    </ClCompile>
    <ClCompile Include="src\TurnBall.cpp">
      <Filter>Source</Filter>
    </ClCompile>
    <ClCompile Include="src\EngineMod.cpp">
      <Filter>Source</Filter>
    </ClCompile>
    <ClCompile Include="src\Altimeter.cpp">
      <Filter>Source</Filter>
    </ClCompile>
    <ClCompile Include="OilTemp.cpp">
      <Filter>Source</Filter>
    </ClCompile>
  </ItemGroup>
  <ItemGroup>
    <ResourceCompile Include="Il2Dials.rc" />
  </ItemGroup>
  <ItemGroup>
    <None Include="app.config" />
    <None Include="packages.config" />
  </ItemGroup>
  <ItemGroup>
    <Text Include="Il2DialsConfig.txt" />
  </ItemGroup>
</Project>