<?xml version="1.0" encoding="utf-8"?>
<Project ToolsVersion="4.0" xmlns="http://schemas.microsoft.com/developer/msbuild/2003">
  <ItemGroup>
    <Filter Include="Headers">
      <UniqueIdentifier>{93995380-89BD-4b04-88EB-625FBE52EBFB}</UniqueIdentifier>
      <Extensions>h;hh;hpp;hxx;hm;inl;inc;ipp;xsd</Extensions>
    </Filter>
    <Filter Include="Source">
      <UniqueIdentifier>{4FC737F1-C7A5-4376-A066-2A32D752A2FF}</UniqueIdentifier>
      <Extensions>cpp;c;cc;cxx;def;odl;idl;hpj;bat;asm;asmx</Extensions>
    </Filter>
  </ItemGroup>
  <ItemGroup>
    <ClInclude Include="Form1.h">
      <Filter>Headers</Filter>
    </ClInclude>
    <ClInclude Include="resource.h">
      <Filter>Headers</Filter>
    </ClInclude>
    <ClInclude Include="src\Altimeter\Altimeter.h">
      <Filter>Headers</Filter>
    </ClInclude>
    <ClInclude Include="src\DynamicBody\DynamicBody.h">
      <Filter>Headers</Filter>
    </ClInclude>
    <ClInclude Include="src\EngineMod\EngineMod.h">
      <Filter>Headers</Filter>
    </ClInclude>
    <ClInclude Include="src\Injector\Injector.h">
      <Filter>Headers</Filter>
    </ClInclude>
    <ClInclude Include="src\IPHelper\IPHelper.h">
      <Filter>Headers</Filter>
    </ClInclude>
    <ClInclude Include="src\Main\Main.h">
      <Filter>Headers</Filter>
    </ClInclude>
    <ClInclude Include="src\Manifold\Manifold.h">
      <Filter>Headers</Filter>
    </ClInclude>
    <ClInclude Include="src\OilTemp\OilTemp.h">
      <Filter>Headers</Filter>
    </ClInclude>
    <ClInclude Include="src\PlaneType\PlaneType.h">
      <Filter>Headers</Filter>
    </ClInclude>
    <ClInclude Include="src\PointerToFunction\PointerToFunction.h">
      <Filter>Headers</Filter>
    </ClInclude>
    <ClInclude Include="src\ProcessTools\ProcessTools.h">
      <Filter>Headers</Filter>
    </ClInclude>
    <ClInclude Include="src\RUPlanes\RUPlanes.h">
      <Filter>Headers</Filter>
    </ClInclude>
    <ClInclude Include="src\Scan\Scan.h">
      <Filter>Headers</Filter>
    </ClInclude>
    <ClInclude Include="src\Server\Server.h">
      <Filter>Headers</Filter>
    </ClInclude>
    <ClInclude Include="src\TurnBall\TurnBall.h">
      <Filter>Headers</Filter>
    </ClInclude>
    <ClInclude Include="src\TurnNeedle\TurnNeedle.h">
      <Filter>Headers</Filter>
    </ClInclude>
    <ClInclude Include="src\UKPlanes\UKPlanes.h">
      <Filter>Headers</Filter>
    </ClInclude>
    <ClInclude Include="src\USPlanes\USPlanes.h">
      <Filter>Headers</Filter>
    </ClInclude>
    <ClInclude Include="src\WaterTemp\WaterTemp.h">
      <Filter>Headers</Filter>
    </ClInclude>
  </ItemGroup>
  <ItemGroup>
    <ClCompile Include="AssemblyInfo.cpp">
      <Filter>Source</Filter>
    </ClCompile>
    <ClCompile Include="Form1.cpp">
      <Filter>Source</Filter>
    </ClCompile>
    <ClCompile Include="WinformsProject.cpp">
      <Filter>Source</Filter>
    </ClCompile>
    <ClCompile Include="src\Altimeter\Altimeter.cpp">
      <Filter>Source</Filter>
    </ClCompile>
    <ClCompile Include="src\DynamicBody\DynamicBody.cpp">
      <Filter>Source</Filter>
    </ClCompile>
    <ClCompile Include="src\EngineMod\EngineMod.cpp">
      <Filter>Source</Filter>
    </ClCompile>
    <ClCompile Include="src\Injector\Injector.cpp">
      <Filter>Source</Filter>
    </ClCompile>
    <ClCompile Include="src\IPHelper\IPHelper.cpp">
      <Filter>Source</Filter>
    </ClCompile>
    <ClCompile Include="src\Main\Main.cpp">
      <Filter>Source</Filter>
    </ClCompile>
    <ClCompile Include="src\Manifold\Manifold.cpp">
      <Filter>Source</Filter>
    </ClCompile>
    <ClCompile Include="src\OilTemp\OilTemp.cpp">
      <Filter>Source</Filter>
    </ClCompile>
    <ClCompile Include="src\PlaneType\PlaneType.cpp">
      <Filter>Source</Filter>
    </ClCompile>
    <ClCompile Include="src\PointerToFunction\PointerToFunction.cpp">
      <Filter>Source</Filter>
    </ClCompile>
    <ClCompile Include="src\ProcessTools\ProcessTools.cpp">
      <Filter>Source</Filter>
    </ClCompile>
    <ClCompile Include="src\RUPlanes\RUPlanes.cpp">
      <Filter>Source</Filter>
    </ClCompile>
    <ClCompile Include="src\Scan\Scan.cpp">
      <Filter>Source</Filter>
    </ClCompile>
    <ClCompile Include="src\Server\Server.cpp">
      <Filter>Source</Filter>
    </ClCompile>
    <ClCompile Include="src\TurnBall\TurnBall.cpp">
      <Filter>Source</Filter>
    </ClCompile>
    <ClCompile Include="src\TurnNeedle\TurnNeedle.cpp">
      <Filter>Source</Filter>
    </ClCompile>
    <ClCompile Include="src\UKPlanes\UKPlanes.cpp">
      <Filter>Source</Filter>
    </ClCompile>
    <ClCompile Include="src\USPlanes\USPlanes.cpp">
      <Filter>Source</Filter>
    </ClCompile>
    <ClCompile Include="src\WaterTemp\WaterTemp.cpp">
      <Filter>Source</Filter>
    </ClCompile>
  </ItemGroup>
  <ItemGroup>
    <ResourceCompile Include="Il2Dials.rc" />
  </ItemGroup>
  <ItemGroup>
    <None Include="app.config" />
    <None Include="packages.config" />
  </ItemGroup>
  <ItemGroup>
    <Text Include="Il2DialsConfig.txt" />
  </ItemGroup>
</Project>